
Microsoft Visual Studio Solution File, Format Version 11.00
# Visual Studio 2010
Project("{FAE04EC0-301F-11D3-BF4B-00C04F79EFBC}") = "GameCode", "GameCode.csproj", "{DB437EC1-ABF5-CE4A-BEE3-E2BDA785C87D}"
EndProject
Project("{FAE04EC0-301F-11D3-BF4B-00C04F79EFBC}") = "TestCode", "TestCode.csproj", "{218CB248-6EA2-EA74-A664-2AFBC9A74CB6}"
EndProject
Global
	GlobalSection(SolutionConfigurationPlatforms) = preSolution
		Debug|Any CPU = Debug|Any CPU
		Release|Any CPU = Release|Any CPU
	EndGlobalSection
	GlobalSection(ProjectConfigurationPlatforms) = postSolution
		{DB437EC1-ABF5-CE4A-BEE3-E2BDA785C87D}.Debug|Any CPU.ActiveCfg = Debug|Any CPU
		{DB437EC1-ABF5-CE4A-BEE3-E2BDA785C87D}.Debug|Any CPU.Build.0 = Debug|Any CPU
		{DB437EC1-ABF5-CE4A-BEE3-E2BDA785C87D}.Release|Any CPU.ActiveCfg = Release|Any CPU
		{DB437EC1-ABF5-CE4A-BEE3-E2BDA785C87D}.Release|Any CPU.Build.0 = Release|Any CPU
		{218CB248-6EA2-EA74-A664-2AFBC9A74CB6}.Debug|Any CPU.ActiveCfg = Debug|Any CPU
		{218CB248-6EA2-EA74-A664-2AFBC9A74CB6}.Debug|Any CPU.Build.0 = Debug|Any CPU
		{218CB248-6EA2-EA74-A664-2AFBC9A74CB6}.Release|Any CPU.ActiveCfg = Release|Any CPU
		{218CB248-6EA2-EA74-A664-2AFBC9A74CB6}.Release|Any CPU.Build.0 = Release|Any CPU
	EndGlobalSection
	GlobalSection(SolutionProperties) = preSolution
		HideSolutionNode = FALSE
	EndGlobalSection
	GlobalSection(MonoDevelopProperties) = preSolution
		StartupItem = Assembly-CSharp.csproj
	EndGlobalSection
EndGlobal
