
Microsoft Visual Studio Solution File, Format Version 11.00
# Visual Studio 2010
Project("{FAE04EC0-301F-11D3-BF4B-00C04F79EFBC}") = "AstarPathfindingProject", "AstarPathfindingProject.csproj", "{CFE5BCFB-2D5F-C624-113A-FF7E3C1BBF78}"
EndProject
Project("{FAE04EC0-301F-11D3-BF4B-00C04F79EFBC}") = "Assembly-CSharp", "Assembly-CSharp.csproj", "{E681E399-0950-5EE7-6A1C-74E0CDC6BFC2}"
EndProject
Project("{FAE04EC0-301F-11D3-BF4B-00C04F79EFBC}") = "AstarPathfindingProjectEditor", "AstarPathfindingProjectEditor.csproj", "{23CCE835-C5A6-BDD9-D9A6-9277747884E1}"
EndProject
Project("{FAE04EC0-301F-11D3-BF4B-00C04F79EFBC}") = "PackageToolsEditor", "PackageToolsEditor.csproj", "{5CF570A2-B47A-FC5A-6FD1-C7FBFC724417}"
EndProject
Global
	GlobalSection(SolutionConfigurationPlatforms) = preSolution
		Debug|Any CPU = Debug|Any CPU
		Release|Any CPU = Release|Any CPU
	EndGlobalSection
	GlobalSection(ProjectConfigurationPlatforms) = postSolution
		{CFE5BCFB-2D5F-C624-113A-FF7E3C1BBF78}.Debug|Any CPU.ActiveCfg = Debug|Any CPU
		{CFE5BCFB-2D5F-C624-113A-FF7E3C1BBF78}.Debug|Any CPU.Build.0 = Debug|Any CPU
		{CFE5BCFB-2D5F-C624-113A-FF7E3C1BBF78}.Release|Any CPU.ActiveCfg = Release|Any CPU
		{CFE5BCFB-2D5F-C624-113A-FF7E3C1BBF78}.Release|Any CPU.Build.0 = Release|Any CPU
		{E681E399-0950-5EE7-6A1C-74E0CDC6BFC2}.Debug|Any CPU.ActiveCfg = Debug|Any CPU
		{E681E399-0950-5EE7-6A1C-74E0CDC6BFC2}.Debug|Any CPU.Build.0 = Debug|Any CPU
		{E681E399-0950-5EE7-6A1C-74E0CDC6BFC2}.Release|Any CPU.ActiveCfg = Release|Any CPU
		{E681E399-0950-5EE7-6A1C-74E0CDC6BFC2}.Release|Any CPU.Build.0 = Release|Any CPU
		{23CCE835-C5A6-BDD9-D9A6-9277747884E1}.Debug|Any CPU.ActiveCfg = Debug|Any CPU
		{23CCE835-C5A6-BDD9-D9A6-9277747884E1}.Debug|Any CPU.Build.0 = Debug|Any CPU
		{23CCE835-C5A6-BDD9-D9A6-9277747884E1}.Release|Any CPU.ActiveCfg = Release|Any CPU
		{23CCE835-C5A6-BDD9-D9A6-9277747884E1}.Release|Any CPU.Build.0 = Release|Any CPU
		{5CF570A2-B47A-FC5A-6FD1-C7FBFC724417}.Debug|Any CPU.ActiveCfg = Debug|Any CPU
		{5CF570A2-B47A-FC5A-6FD1-C7FBFC724417}.Debug|Any CPU.Build.0 = Debug|Any CPU
		{5CF570A2-B47A-FC5A-6FD1-C7FBFC724417}.Release|Any CPU.ActiveCfg = Release|Any CPU
		{5CF570A2-B47A-FC5A-6FD1-C7FBFC724417}.Release|Any CPU.Build.0 = Release|Any CPU
	EndGlobalSection
	GlobalSection(SolutionProperties) = preSolution
		HideSolutionNode = FALSE
	EndGlobalSection
	GlobalSection(MonoDevelopProperties) = preSolution
		StartupItem = Assembly-CSharp.csproj
	EndGlobalSection
EndGlobal
