
Microsoft Visual Studio Solution File, Format Version 11.00
# Visual Studio 2010
Project("{FAE04EC0-301F-11D3-BF4B-00C04F79EFBC}") = "Assembly-CSharp", "Assembly-CSharp.csproj", "{BF0E951D-A258-E740-94A0-D69A4AF10366}"
EndProject
Project("{FAE04EC0-301F-11D3-BF4B-00C04F79EFBC}") = "GameCode", "GameCode.csproj", "{493E027C-8768-B3BB-C20F-07EBE066FB7A}"
EndProject
Project("{FAE04EC0-301F-11D3-BF4B-00C04F79EFBC}") = "TestCode", "TestCode.csproj", "{AE91E6F0-69E3-82EA-8859-C2B7B916FA80}"
EndProject
Global
	GlobalSection(SolutionConfigurationPlatforms) = preSolution
		Debug|Any CPU = Debug|Any CPU
		Release|Any CPU = Release|Any CPU
	EndGlobalSection
	GlobalSection(ProjectConfigurationPlatforms) = postSolution
		{BF0E951D-A258-E740-94A0-D69A4AF10366}.Debug|Any CPU.ActiveCfg = Debug|Any CPU
		{BF0E951D-A258-E740-94A0-D69A4AF10366}.Debug|Any CPU.Build.0 = Debug|Any CPU
		{BF0E951D-A258-E740-94A0-D69A4AF10366}.Release|Any CPU.ActiveCfg = Release|Any CPU
		{BF0E951D-A258-E740-94A0-D69A4AF10366}.Release|Any CPU.Build.0 = Release|Any CPU
		{493E027C-8768-B3BB-C20F-07EBE066FB7A}.Debug|Any CPU.ActiveCfg = Debug|Any CPU
		{493E027C-8768-B3BB-C20F-07EBE066FB7A}.Debug|Any CPU.Build.0 = Debug|Any CPU
		{493E027C-8768-B3BB-C20F-07EBE066FB7A}.Release|Any CPU.ActiveCfg = Release|Any CPU
		{493E027C-8768-B3BB-C20F-07EBE066FB7A}.Release|Any CPU.Build.0 = Release|Any CPU
		{AE91E6F0-69E3-82EA-8859-C2B7B916FA80}.Debug|Any CPU.ActiveCfg = Debug|Any CPU
		{AE91E6F0-69E3-82EA-8859-C2B7B916FA80}.Debug|Any CPU.Build.0 = Debug|Any CPU
		{AE91E6F0-69E3-82EA-8859-C2B7B916FA80}.Release|Any CPU.ActiveCfg = Release|Any CPU
		{AE91E6F0-69E3-82EA-8859-C2B7B916FA80}.Release|Any CPU.Build.0 = Release|Any CPU
	EndGlobalSection
	GlobalSection(SolutionProperties) = preSolution
		HideSolutionNode = FALSE
	EndGlobalSection
	GlobalSection(MonoDevelopProperties) = preSolution
		StartupItem = Assembly-CSharp.csproj
	EndGlobalSection
EndGlobal
