
Microsoft Visual Studio Solution File, Format Version 12.00
# Visual Studio 16
Project("{FAE04EC0-301F-11D3-BF4B-00C04F79EFBC}") = "Assembly-CSharp", "Assembly-CSharp.csproj", "{F948D9E2-CBAA-268D-E616-F384CF425487}"
EndProject
Global
	GlobalSection(SolutionConfigurationPlatforms) = preSolution
		Debug|Any CPU = Debug|Any CPU
		Release|Any CPU = Release|Any CPU
	EndGlobalSection
	GlobalSection(ProjectConfigurationPlatforms) = postSolution
		{F948D9E2-CBAA-268D-E616-F384CF425487}.Debug|Any CPU.ActiveCfg = Debug|Any CPU
		{F948D9E2-CBAA-268D-E616-F384CF425487}.Debug|Any CPU.Build.0 = Debug|Any CPU
		{F948D9E2-CBAA-268D-E616-F384CF425487}.Release|Any CPU.ActiveCfg = Release|Any CPU
		{F948D9E2-CBAA-268D-E616-F384CF425487}.Release|Any CPU.Build.0 = Release|Any CPU
	EndGlobalSection
	GlobalSection(SolutionProperties) = preSolution
		HideSolutionNode = FALSE
	EndGlobalSection
	GlobalSection(MonoDevelopProperties) = preSolution
		StartupItem = Assembly-CSharp.csproj
	EndGlobalSection
EndGlobal
